
Microsoft Visual Studio Solution File, Format Version 12.00
Project("{FAE04EC0-301F-11D3-BF4B-00C04F79EFBC}") = "Devisions.Domain", "src\Devisions.Domain\Devisions.Domain.csproj", "{BE6B9D7C-7444-4BBF-A9E2-1E67C43B02B9}"
EndProject
Project("{2150E333-8FDC-42A3-9474-1A3956D46DE8}") = "src", "src", "{4956E856-BFD8-4AE5-84E4-1FEDD6537760}"
EndProject
Project("{FAE04EC0-301F-11D3-BF4B-00C04F79EFBC}") = "Devisions.Application", "src\Devisions.Application\Devisions.Application.csproj", "{3065DA57-E9F6-4A18-99EC-02F2FDF0F457}"
EndProject
Project("{FAE04EC0-301F-11D3-BF4B-00C04F79EFBC}") = "Devisions.Infrastructure", "src\Devisions.Infrastructure\Devisions.Infrastructure.csproj", "{68731F3E-C0FE-4C30-A581-5C256850A989}"
EndProject
Project("{FAE04EC0-301F-11D3-BF4B-00C04F79EFBC}") = "Devisions.Web", "src\Devisions.Web\Devisions.Web.csproj", "{05AA67EA-2534-46D6-8378-6D674364D458}"
EndProject
Project("{2150E333-8FDC-42A3-9474-1A3956D46DE8}") = "SolutionItems", "SolutionItems", "{64C0B3EB-9F25-495E-8FA6-62F69235CA79}"
	ProjectSection(SolutionItems) = preProject
		Directory.Build.props = Directory.Build.props
		.editorconfig = .editorconfig
		..\docker-compose.yml = ..\docker-compose.yml
	EndProjectSection
EndProject
Project("{FAE04EC0-301F-11D3-BF4B-00C04F79EFBC}") = "Devisions.Contracts", "src\Devisions.Contracts\Devisions.Contracts.csproj", "{4FC96561-B4B0-4460-9420-26F65AF06BD9}"
EndProject
Global
	GlobalSection(SolutionConfigurationPlatforms) = preSolution
		Debug|Any CPU = Debug|Any CPU
		Release|Any CPU = Release|Any CPU
	EndGlobalSection
	GlobalSection(ProjectConfigurationPlatforms) = postSolution
		{BE6B9D7C-7444-4BBF-A9E2-1E67C43B02B9}.Debug|Any CPU.ActiveCfg = Debug|Any CPU
		{BE6B9D7C-7444-4BBF-A9E2-1E67C43B02B9}.Debug|Any CPU.Build.0 = Debug|Any CPU
		{BE6B9D7C-7444-4BBF-A9E2-1E67C43B02B9}.Release|Any CPU.ActiveCfg = Release|Any CPU
		{BE6B9D7C-7444-4BBF-A9E2-1E67C43B02B9}.Release|Any CPU.Build.0 = Release|Any CPU
		{3065DA57-E9F6-4A18-99EC-02F2FDF0F457}.Debug|Any CPU.ActiveCfg = Debug|Any CPU
		{3065DA57-E9F6-4A18-99EC-02F2FDF0F457}.Debug|Any CPU.Build.0 = Debug|Any CPU
		{3065DA57-E9F6-4A18-99EC-02F2FDF0F457}.Release|Any CPU.ActiveCfg = Release|Any CPU
		{3065DA57-E9F6-4A18-99EC-02F2FDF0F457}.Release|Any CPU.Build.0 = Release|Any CPU
		{68731F3E-C0FE-4C30-A581-5C256850A989}.Debug|Any CPU.ActiveCfg = Debug|Any CPU
		{68731F3E-C0FE-4C30-A581-5C256850A989}.Debug|Any CPU.Build.0 = Debug|Any CPU
		{68731F3E-C0FE-4C30-A581-5C256850A989}.Release|Any CPU.ActiveCfg = Release|Any CPU
		{68731F3E-C0FE-4C30-A581-5C256850A989}.Release|Any CPU.Build.0 = Release|Any CPU
		{05AA67EA-2534-46D6-8378-6D674364D458}.Debug|Any CPU.ActiveCfg = Debug|Any CPU
		{05AA67EA-2534-46D6-8378-6D674364D458}.Debug|Any CPU.Build.0 = Debug|Any CPU
		{05AA67EA-2534-46D6-8378-6D674364D458}.Release|Any CPU.ActiveCfg = Release|Any CPU
		{05AA67EA-2534-46D6-8378-6D674364D458}.Release|Any CPU.Build.0 = Release|Any CPU
		{4FC96561-B4B0-4460-9420-26F65AF06BD9}.Debug|Any CPU.ActiveCfg = Debug|Any CPU
		{4FC96561-B4B0-4460-9420-26F65AF06BD9}.Debug|Any CPU.Build.0 = Debug|Any CPU
		{4FC96561-B4B0-4460-9420-26F65AF06BD9}.Release|Any CPU.ActiveCfg = Release|Any CPU
		{4FC96561-B4B0-4460-9420-26F65AF06BD9}.Release|Any CPU.Build.0 = Release|Any CPU
	EndGlobalSection
	GlobalSection(NestedProjects) = preSolution
		{BE6B9D7C-7444-4BBF-A9E2-1E67C43B02B9} = {4956E856-BFD8-4AE5-84E4-1FEDD6537760}
		{3065DA57-E9F6-4A18-99EC-02F2FDF0F457} = {4956E856-BFD8-4AE5-84E4-1FEDD6537760}
		{68731F3E-C0FE-4C30-A581-5C256850A989} = {4956E856-BFD8-4AE5-84E4-1FEDD6537760}
		{05AA67EA-2534-46D6-8378-6D674364D458} = {4956E856-BFD8-4AE5-84E4-1FEDD6537760}
		{4FC96561-B4B0-4460-9420-26F65AF06BD9} = {4956E856-BFD8-4AE5-84E4-1FEDD6537760}
	EndGlobalSection
EndGlobal
