
Microsoft Visual Studio Solution File, Format Version 12.00
Project("{FAE04EC0-301F-11D3-BF4B-00C04F79EFBC}") = "Devisions.Domain", "src\Devisions.Domain\Devisions.Domain.csproj", "{BE6B9D7C-7444-4BBF-A9E2-1E67C43B02B9}"
EndProject
Project("{2150E333-8FDC-42A3-9474-1A3956D46DE8}") = "src", "src", "{4956E856-BFD8-4AE5-84E4-1FEDD6537760}"
EndProject
Project("{FAE04EC0-301F-11D3-BF4B-00C04F79EFBC}") = "Devisions.Application", "src\Devisions.Application\Devisions.Application.csproj", "{3065DA57-E9F6-4A18-99EC-02F2FDF0F457}"
EndProject
Project("{FAE04EC0-301F-11D3-BF4B-00C04F79EFBC}") = "Devisions.Infrastructure", "src\Devisions.Infrastructure\Devisions.Infrastructure.csproj", "{68731F3E-C0FE-4C30-A581-5C256850A989}"
EndProject
Project("{FAE04EC0-301F-11D3-BF4B-00C04F79EFBC}") = "Devisions.WEB", "src\Devisions.WEB\Devisions.WEB.csproj", "{AF0CA6F6-4025-4087-B40D-78A4E171B632}"
EndProject
Project("{FAE04EC0-301F-11D3-BF4B-00C04F79EFBC}") = "Devisions.Contacts", "src\Devisions.Contacts\Devisions.Contacts.csproj", "{AF108662-654E-4E18-8A26-0C8FD906990F}"
EndProject
Global
	GlobalSection(SolutionConfigurationPlatforms) = preSolution
		Debug|Any CPU = Debug|Any CPU
		Release|Any CPU = Release|Any CPU
	EndGlobalSection
	GlobalSection(ProjectConfigurationPlatforms) = postSolution
		{BE6B9D7C-7444-4BBF-A9E2-1E67C43B02B9}.Debug|Any CPU.ActiveCfg = Debug|Any CPU
		{BE6B9D7C-7444-4BBF-A9E2-1E67C43B02B9}.Debug|Any CPU.Build.0 = Debug|Any CPU
		{BE6B9D7C-7444-4BBF-A9E2-1E67C43B02B9}.Release|Any CPU.ActiveCfg = Release|Any CPU
		{BE6B9D7C-7444-4BBF-A9E2-1E67C43B02B9}.Release|Any CPU.Build.0 = Release|Any CPU
		{3065DA57-E9F6-4A18-99EC-02F2FDF0F457}.Debug|Any CPU.ActiveCfg = Debug|Any CPU
		{3065DA57-E9F6-4A18-99EC-02F2FDF0F457}.Debug|Any CPU.Build.0 = Debug|Any CPU
		{3065DA57-E9F6-4A18-99EC-02F2FDF0F457}.Release|Any CPU.ActiveCfg = Release|Any CPU
		{3065DA57-E9F6-4A18-99EC-02F2FDF0F457}.Release|Any CPU.Build.0 = Release|Any CPU
		{68731F3E-C0FE-4C30-A581-5C256850A989}.Debug|Any CPU.ActiveCfg = Debug|Any CPU
		{68731F3E-C0FE-4C30-A581-5C256850A989}.Debug|Any CPU.Build.0 = Debug|Any CPU
		{68731F3E-C0FE-4C30-A581-5C256850A989}.Release|Any CPU.ActiveCfg = Release|Any CPU
		{68731F3E-C0FE-4C30-A581-5C256850A989}.Release|Any CPU.Build.0 = Release|Any CPU
		{AF0CA6F6-4025-4087-B40D-78A4E171B632}.Debug|Any CPU.ActiveCfg = Debug|Any CPU
		{AF0CA6F6-4025-4087-B40D-78A4E171B632}.Debug|Any CPU.Build.0 = Debug|Any CPU
		{AF0CA6F6-4025-4087-B40D-78A4E171B632}.Release|Any CPU.ActiveCfg = Release|Any CPU
		{AF0CA6F6-4025-4087-B40D-78A4E171B632}.Release|Any CPU.Build.0 = Release|Any CPU
		{AF108662-654E-4E18-8A26-0C8FD906990F}.Debug|Any CPU.ActiveCfg = Debug|Any CPU
		{AF108662-654E-4E18-8A26-0C8FD906990F}.Debug|Any CPU.Build.0 = Debug|Any CPU
		{AF108662-654E-4E18-8A26-0C8FD906990F}.Release|Any CPU.ActiveCfg = Release|Any CPU
		{AF108662-654E-4E18-8A26-0C8FD906990F}.Release|Any CPU.Build.0 = Release|Any CPU
	EndGlobalSection
	GlobalSection(NestedProjects) = preSolution
		{BE6B9D7C-7444-4BBF-A9E2-1E67C43B02B9} = {4956E856-BFD8-4AE5-84E4-1FEDD6537760}
		{3065DA57-E9F6-4A18-99EC-02F2FDF0F457} = {4956E856-BFD8-4AE5-84E4-1FEDD6537760}
		{68731F3E-C0FE-4C30-A581-5C256850A989} = {4956E856-BFD8-4AE5-84E4-1FEDD6537760}
		{AF0CA6F6-4025-4087-B40D-78A4E171B632} = {4956E856-BFD8-4AE5-84E4-1FEDD6537760}
		{AF108662-654E-4E18-8A26-0C8FD906990F} = {4956E856-BFD8-4AE5-84E4-1FEDD6537760}
	EndGlobalSection
EndGlobal
